
Microsoft Visual Studio Solution File, Format Version 12.00
# Visual Studio 15
VisualStudioVersion = 15.0.28307.902
MinimumVisualStudioVersion = 10.0.40219.1
Project("{FAE04EC0-301F-11D3-BF4B-00C04F79EFBC}") = "Lotsize_calculator.Android", "Lotsize_calculator\Lotsize_calculator.Android\Lotsize_calculator.Android.csproj", "{A492AA6A-5A7E-4F5E-8E95-4A0D8DCB710F}"
EndProject
Project("{FAE04EC0-301F-11D3-BF4B-00C04F79EFBC}") = "Lotsize_calculator.iOS", "Lotsize_calculator\Lotsize_calculator.iOS\Lotsize_calculator.iOS.csproj", "{8D35D5DD-E97A-4F3A-9756-10664467090E}"
EndProject
Project("{FAE04EC0-301F-11D3-BF4B-00C04F79EFBC}") = "Lotsize_calculator", "Lotsize_calculator\Lotsize_calculator\Lotsize_calculator.csproj", "{A6ABF6E5-BCAD-4ACF-8E96-4F6AEB14AB2F}"
EndProject
Global
	GlobalSection(SolutionConfigurationPlatforms) = preSolution
		Ad-Hoc|Any CPU = Ad-Hoc|Any CPU
		Ad-Hoc|iPhone = Ad-Hoc|iPhone
		Ad-Hoc|iPhoneSimulator = Ad-Hoc|iPhoneSimulator
		AppStore|Any CPU = AppStore|Any CPU
		AppStore|iPhone = AppStore|iPhone
		AppStore|iPhoneSimulator = AppStore|iPhoneSimulator
		Debug|Any CPU = Debug|Any CPU
		Debug|iPhone = Debug|iPhone
		Debug|iPhoneSimulator = Debug|iPhoneSimulator
		Release|Any CPU = Release|Any CPU
		Release|iPhone = Release|iPhone
		Release|iPhoneSimulator = Release|iPhoneSimulator
	EndGlobalSection
	GlobalSection(ProjectConfigurationPlatforms) = postSolution
		{A492AA6A-5A7E-4F5E-8E95-4A0D8DCB710F}.Ad-Hoc|Any CPU.ActiveCfg = Release|Any CPU
		{A492AA6A-5A7E-4F5E-8E95-4A0D8DCB710F}.Ad-Hoc|Any CPU.Build.0 = Release|Any CPU
		{A492AA6A-5A7E-4F5E-8E95-4A0D8DCB710F}.Ad-Hoc|Any CPU.Deploy.0 = Release|Any CPU
		{A492AA6A-5A7E-4F5E-8E95-4A0D8DCB710F}.Ad-Hoc|iPhone.ActiveCfg = Release|Any CPU
		{A492AA6A-5A7E-4F5E-8E95-4A0D8DCB710F}.Ad-Hoc|iPhone.Build.0 = Release|Any CPU
		{A492AA6A-5A7E-4F5E-8E95-4A0D8DCB710F}.Ad-Hoc|iPhone.Deploy.0 = Release|Any CPU
		{A492AA6A-5A7E-4F5E-8E95-4A0D8DCB710F}.Ad-Hoc|iPhoneSimulator.ActiveCfg = Release|Any CPU
		{A492AA6A-5A7E-4F5E-8E95-4A0D8DCB710F}.Ad-Hoc|iPhoneSimulator.Build.0 = Release|Any CPU
		{A492AA6A-5A7E-4F5E-8E95-4A0D8DCB710F}.Ad-Hoc|iPhoneSimulator.Deploy.0 = Release|Any CPU
		{A492AA6A-5A7E-4F5E-8E95-4A0D8DCB710F}.AppStore|Any CPU.ActiveCfg = Release|Any CPU
		{A492AA6A-5A7E-4F5E-8E95-4A0D8DCB710F}.AppStore|Any CPU.Build.0 = Release|Any CPU
		{A492AA6A-5A7E-4F5E-8E95-4A0D8DCB710F}.AppStore|Any CPU.Deploy.0 = Release|Any CPU
		{A492AA6A-5A7E-4F5E-8E95-4A0D8DCB710F}.AppStore|iPhone.ActiveCfg = Release|Any CPU
		{A492AA6A-5A7E-4F5E-8E95-4A0D8DCB710F}.AppStore|iPhone.Build.0 = Release|Any CPU
		{A492AA6A-5A7E-4F5E-8E95-4A0D8DCB710F}.AppStore|iPhone.Deploy.0 = Release|Any CPU
		{A492AA6A-5A7E-4F5E-8E95-4A0D8DCB710F}.AppStore|iPhoneSimulator.ActiveCfg = Release|Any CPU
		{A492AA6A-5A7E-4F5E-8E95-4A0D8DCB710F}.AppStore|iPhoneSimulator.Build.0 = Release|Any CPU
		{A492AA6A-5A7E-4F5E-8E95-4A0D8DCB710F}.AppStore|iPhoneSimulator.Deploy.0 = Release|Any CPU
		{A492AA6A-5A7E-4F5E-8E95-4A0D8DCB710F}.Debug|Any CPU.ActiveCfg = Debug|Any CPU
		{A492AA6A-5A7E-4F5E-8E95-4A0D8DCB710F}.Debug|Any CPU.Build.0 = Debug|Any CPU
		{A492AA6A-5A7E-4F5E-8E95-4A0D8DCB710F}.Debug|Any CPU.Deploy.0 = Debug|Any CPU
		{A492AA6A-5A7E-4F5E-8E95-4A0D8DCB710F}.Debug|iPhone.ActiveCfg = Debug|Any CPU
		{A492AA6A-5A7E-4F5E-8E95-4A0D8DCB710F}.Debug|iPhone.Build.0 = Debug|Any CPU
		{A492AA6A-5A7E-4F5E-8E95-4A0D8DCB710F}.Debug|iPhone.Deploy.0 = Debug|Any CPU
		{A492AA6A-5A7E-4F5E-8E95-4A0D8DCB710F}.Debug|iPhoneSimulator.ActiveCfg = Debug|Any CPU
		{A492AA6A-5A7E-4F5E-8E95-4A0D8DCB710F}.Debug|iPhoneSimulator.Build.0 = Debug|Any CPU
		{A492AA6A-5A7E-4F5E-8E95-4A0D8DCB710F}.Debug|iPhoneSimulator.Deploy.0 = Debug|Any CPU
		{A492AA6A-5A7E-4F5E-8E95-4A0D8DCB710F}.Release|Any CPU.ActiveCfg = Release|Any CPU
		{A492AA6A-5A7E-4F5E-8E95-4A0D8DCB710F}.Release|Any CPU.Build.0 = Release|Any CPU
		{A492AA6A-5A7E-4F5E-8E95-4A0D8DCB710F}.Release|Any CPU.Deploy.0 = Release|Any CPU
		{A492AA6A-5A7E-4F5E-8E95-4A0D8DCB710F}.Release|iPhone.ActiveCfg = Release|Any CPU
		{A492AA6A-5A7E-4F5E-8E95-4A0D8DCB710F}.Release|iPhone.Build.0 = Release|Any CPU
		{A492AA6A-5A7E-4F5E-8E95-4A0D8DCB710F}.Release|iPhone.Deploy.0 = Release|Any CPU
		{A492AA6A-5A7E-4F5E-8E95-4A0D8DCB710F}.Release|iPhoneSimulator.ActiveCfg = Release|Any CPU
		{A492AA6A-5A7E-4F5E-8E95-4A0D8DCB710F}.Release|iPhoneSimulator.Build.0 = Release|Any CPU
		{A492AA6A-5A7E-4F5E-8E95-4A0D8DCB710F}.Release|iPhoneSimulator.Deploy.0 = Release|Any CPU
		{8D35D5DD-E97A-4F3A-9756-10664467090E}.Ad-Hoc|Any CPU.ActiveCfg = Ad-Hoc|iPhone
		{8D35D5DD-E97A-4F3A-9756-10664467090E}.Ad-Hoc|Any CPU.Build.0 = Ad-Hoc|iPhone
		{8D35D5DD-E97A-4F3A-9756-10664467090E}.Ad-Hoc|Any CPU.Deploy.0 = Ad-Hoc|iPhone
		{8D35D5DD-E97A-4F3A-9756-10664467090E}.Ad-Hoc|iPhone.ActiveCfg = Ad-Hoc|iPhone
		{8D35D5DD-E97A-4F3A-9756-10664467090E}.Ad-Hoc|iPhone.Build.0 = Ad-Hoc|iPhone
		{8D35D5DD-E97A-4F3A-9756-10664467090E}.Ad-Hoc|iPhone.Deploy.0 = Ad-Hoc|iPhone
		{8D35D5DD-E97A-4F3A-9756-10664467090E}.Ad-Hoc|iPhoneSimulator.ActiveCfg = Ad-Hoc|iPhoneSimulator
		{8D35D5DD-E97A-4F3A-9756-10664467090E}.Ad-Hoc|iPhoneSimulator.Build.0 = Ad-Hoc|iPhoneSimulator
		{8D35D5DD-E97A-4F3A-9756-10664467090E}.Ad-Hoc|iPhoneSimulator.Deploy.0 = Ad-Hoc|iPhoneSimulator
		{8D35D5DD-E97A-4F3A-9756-10664467090E}.AppStore|Any CPU.ActiveCfg = AppStore|iPhone
		{8D35D5DD-E97A-4F3A-9756-10664467090E}.AppStore|Any CPU.Build.0 = AppStore|iPhone
		{8D35D5DD-E97A-4F3A-9756-10664467090E}.AppStore|Any CPU.Deploy.0 = AppStore|iPhone
		{8D35D5DD-E97A-4F3A-9756-10664467090E}.AppStore|iPhone.ActiveCfg = AppStore|iPhone
		{8D35D5DD-E97A-4F3A-9756-10664467090E}.AppStore|iPhone.Build.0 = AppStore|iPhone
		{8D35D5DD-E97A-4F3A-9756-10664467090E}.AppStore|iPhone.Deploy.0 = AppStore|iPhone
		{8D35D5DD-E97A-4F3A-9756-10664467090E}.AppStore|iPhoneSimulator.ActiveCfg = AppStore|iPhoneSimulator
		{8D35D5DD-E97A-4F3A-9756-10664467090E}.AppStore|iPhoneSimulator.Build.0 = AppStore|iPhoneSimulator
		{8D35D5DD-E97A-4F3A-9756-10664467090E}.AppStore|iPhoneSimulator.Deploy.0 = AppStore|iPhoneSimulator
		{8D35D5DD-E97A-4F3A-9756-10664467090E}.Debug|Any CPU.ActiveCfg = Debug|iPhoneSimulator
		{8D35D5DD-E97A-4F3A-9756-10664467090E}.Debug|Any CPU.Build.0 = Debug|iPhoneSimulator
		{8D35D5DD-E97A-4F3A-9756-10664467090E}.Debug|Any CPU.Deploy.0 = Debug|iPhoneSimulator
		{8D35D5DD-E97A-4F3A-9756-10664467090E}.Debug|iPhone.ActiveCfg = Debug|iPhone
		{8D35D5DD-E97A-4F3A-9756-10664467090E}.Debug|iPhone.Build.0 = Debug|iPhone
		{8D35D5DD-E97A-4F3A-9756-10664467090E}.Debug|iPhone.Deploy.0 = Debug|iPhone
		{8D35D5DD-E97A-4F3A-9756-10664467090E}.Debug|iPhoneSimulator.ActiveCfg = Debug|iPhoneSimulator
		{8D35D5DD-E97A-4F3A-9756-10664467090E}.Debug|iPhoneSimulator.Build.0 = Debug|iPhoneSimulator
		{8D35D5DD-E97A-4F3A-9756-10664467090E}.Debug|iPhoneSimulator.Deploy.0 = Debug|iPhoneSimulator
		{8D35D5DD-E97A-4F3A-9756-10664467090E}.Release|Any CPU.ActiveCfg = Release|iPhone
		{8D35D5DD-E97A-4F3A-9756-10664467090E}.Release|Any CPU.Build.0 = Release|iPhone
		{8D35D5DD-E97A-4F3A-9756-10664467090E}.Release|Any CPU.Deploy.0 = Release|iPhone
		{8D35D5DD-E97A-4F3A-9756-10664467090E}.Release|iPhone.ActiveCfg = Release|iPhone
		{8D35D5DD-E97A-4F3A-9756-10664467090E}.Release|iPhone.Build.0 = Release|iPhone
		{8D35D5DD-E97A-4F3A-9756-10664467090E}.Release|iPhone.Deploy.0 = Release|iPhone
		{8D35D5DD-E97A-4F3A-9756-10664467090E}.Release|iPhoneSimulator.ActiveCfg = Release|iPhoneSimulator
		{8D35D5DD-E97A-4F3A-9756-10664467090E}.Release|iPhoneSimulator.Build.0 = Release|iPhoneSimulator
		{8D35D5DD-E97A-4F3A-9756-10664467090E}.Release|iPhoneSimulator.Deploy.0 = Release|iPhoneSimulator
		{A6ABF6E5-BCAD-4ACF-8E96-4F6AEB14AB2F}.Ad-Hoc|Any CPU.ActiveCfg = Debug|Any CPU
		{A6ABF6E5-BCAD-4ACF-8E96-4F6AEB14AB2F}.Ad-Hoc|Any CPU.Build.0 = Debug|Any CPU
		{A6ABF6E5-BCAD-4ACF-8E96-4F6AEB14AB2F}.Ad-Hoc|Any CPU.Deploy.0 = Debug|Any CPU
		{A6ABF6E5-BCAD-4ACF-8E96-4F6AEB14AB2F}.Ad-Hoc|iPhone.ActiveCfg = Debug|Any CPU
		{A6ABF6E5-BCAD-4ACF-8E96-4F6AEB14AB2F}.Ad-Hoc|iPhone.Build.0 = Debug|Any CPU
		{A6ABF6E5-BCAD-4ACF-8E96-4F6AEB14AB2F}.Ad-Hoc|iPhone.Deploy.0 = Debug|Any CPU
		{A6ABF6E5-BCAD-4ACF-8E96-4F6AEB14AB2F}.Ad-Hoc|iPhoneSimulator.ActiveCfg = Debug|Any CPU
		{A6ABF6E5-BCAD-4ACF-8E96-4F6AEB14AB2F}.Ad-Hoc|iPhoneSimulator.Build.0 = Debug|Any CPU
		{A6ABF6E5-BCAD-4ACF-8E96-4F6AEB14AB2F}.Ad-Hoc|iPhoneSimulator.Deploy.0 = Debug|Any CPU
		{A6ABF6E5-BCAD-4ACF-8E96-4F6AEB14AB2F}.AppStore|Any CPU.ActiveCfg = Debug|Any CPU
		{A6ABF6E5-BCAD-4ACF-8E96-4F6AEB14AB2F}.AppStore|Any CPU.Build.0 = Debug|Any CPU
		{A6ABF6E5-BCAD-4ACF-8E96-4F6AEB14AB2F}.AppStore|Any CPU.Deploy.0 = Debug|Any CPU
		{A6ABF6E5-BCAD-4ACF-8E96-4F6AEB14AB2F}.AppStore|iPhone.ActiveCfg = Debug|Any CPU
		{A6ABF6E5-BCAD-4ACF-8E96-4F6AEB14AB2F}.AppStore|iPhone.Build.0 = Debug|Any CPU
		{A6ABF6E5-BCAD-4ACF-8E96-4F6AEB14AB2F}.AppStore|iPhone.Deploy.0 = Debug|Any CPU
		{A6ABF6E5-BCAD-4ACF-8E96-4F6AEB14AB2F}.AppStore|iPhoneSimulator.ActiveCfg = Debug|Any CPU
		{A6ABF6E5-BCAD-4ACF-8E96-4F6AEB14AB2F}.AppStore|iPhoneSimulator.Build.0 = Debug|Any CPU
		{A6ABF6E5-BCAD-4ACF-8E96-4F6AEB14AB2F}.AppStore|iPhoneSimulator.Deploy.0 = Debug|Any CPU
		{A6ABF6E5-BCAD-4ACF-8E96-4F6AEB14AB2F}.Debug|Any CPU.ActiveCfg = Debug|Any CPU
		{A6ABF6E5-BCAD-4ACF-8E96-4F6AEB14AB2F}.Debug|Any CPU.Build.0 = Debug|Any CPU
		{A6ABF6E5-BCAD-4ACF-8E96-4F6AEB14AB2F}.Debug|Any CPU.Deploy.0 = Debug|Any CPU
		{A6ABF6E5-BCAD-4ACF-8E96-4F6AEB14AB2F}.Debug|iPhone.ActiveCfg = Debug|Any CPU
		{A6ABF6E5-BCAD-4ACF-8E96-4F6AEB14AB2F}.Debug|iPhone.Build.0 = Debug|Any CPU
		{A6ABF6E5-BCAD-4ACF-8E96-4F6AEB14AB2F}.Debug|iPhone.Deploy.0 = Debug|Any CPU
		{A6ABF6E5-BCAD-4ACF-8E96-4F6AEB14AB2F}.Debug|iPhoneSimulator.ActiveCfg = Debug|Any CPU
		{A6ABF6E5-BCAD-4ACF-8E96-4F6AEB14AB2F}.Debug|iPhoneSimulator.Build.0 = Debug|Any CPU
		{A6ABF6E5-BCAD-4ACF-8E96-4F6AEB14AB2F}.Debug|iPhoneSimulator.Deploy.0 = Debug|Any CPU
		{A6ABF6E5-BCAD-4ACF-8E96-4F6AEB14AB2F}.Release|Any CPU.ActiveCfg = Release|Any CPU
		{A6ABF6E5-BCAD-4ACF-8E96-4F6AEB14AB2F}.Release|Any CPU.Build.0 = Release|Any CPU
		{A6ABF6E5-BCAD-4ACF-8E96-4F6AEB14AB2F}.Release|Any CPU.Deploy.0 = Release|Any CPU
		{A6ABF6E5-BCAD-4ACF-8E96-4F6AEB14AB2F}.Release|iPhone.ActiveCfg = Release|Any CPU
		{A6ABF6E5-BCAD-4ACF-8E96-4F6AEB14AB2F}.Release|iPhone.Build.0 = Release|Any CPU
		{A6ABF6E5-BCAD-4ACF-8E96-4F6AEB14AB2F}.Release|iPhone.Deploy.0 = Release|Any CPU
		{A6ABF6E5-BCAD-4ACF-8E96-4F6AEB14AB2F}.Release|iPhoneSimulator.ActiveCfg = Release|Any CPU
		{A6ABF6E5-BCAD-4ACF-8E96-4F6AEB14AB2F}.Release|iPhoneSimulator.Build.0 = Release|Any CPU
		{A6ABF6E5-BCAD-4ACF-8E96-4F6AEB14AB2F}.Release|iPhoneSimulator.Deploy.0 = Release|Any CPU
	EndGlobalSection
	GlobalSection(SolutionProperties) = preSolution
		HideSolutionNode = FALSE
	EndGlobalSection
	GlobalSection(ExtensibilityGlobals) = postSolution
		SolutionGuid = {3A5EE869-40C4-4233-AE83-E1464FAFCD1A}
	EndGlobalSection
EndGlobal
